// !$*UTF8*$!
{
	archiveVersion = 1;
	classes = {
	};
	objectVersion = 46;
	objects = {

/* Begin PBXBuildFile section */
		94A60AA2A66F4CDE90D4D337 /* libPods.a in Frameworks */ = {isa = PBXBuildFile; fileRef = 1C541893280A489EBA8DAF07 /* libPods.a */; };
		E7025FEA193B0D9100E0027C /* JFMyProfileVC.m in Sources */ = {isa = PBXBuildFile; fileRef = E7025FE9193B0D9100E0027C /* JFMyProfileVC.m */; };
		E7025FEC193B142B00E0027C /* dad.png in Resources */ = {isa = PBXBuildFile; fileRef = E7025FEB193B142B00E0027C /* dad.png */; };
		E705E0BB19367B6A00CD2E3A /* JFGivePhotoVC.m in Sources */ = {isa = PBXBuildFile; fileRef = E705E0BA19367B6A00CD2E3A /* JFGivePhotoVC.m */; };
		E70DAE5C193AF79E001EABF4 /* JFGetItemsTableViewC.m in Sources */ = {isa = PBXBuildFile; fileRef = E70DAE5B193AF79E001EABF4 /* JFGetItemsTableViewC.m */; };
		E71BDFA3193AC62F00861171 /* JFLoginVC.m in Sources */ = {isa = PBXBuildFile; fileRef = E71BDFA2193AC62F00861171 /* JFLoginVC.m */; };
		E71D7A4F194CD143007BA2F3 /* JFItemDisplayVC.m in Sources */ = {isa = PBXBuildFile; fileRef = E71D7A4E194CD143007BA2F3 /* JFItemDisplayVC.m */; };
		E71D7A52194CD434007BA2F3 /* MapKit.framework in Frameworks */ = {isa = PBXBuildFile; fileRef = E71D7A51194CD434007BA2F3 /* MapKit.framework */; };
		E74317A0194E9E8A007F32E5 /* JFMyGiveItemsCollectionVC.m in Sources */ = {isa = PBXBuildFile; fileRef = E743179F194E9E8A007F32E5 /* JFMyGiveItemsCollectionVC.m */; };
		E74317A3194EABFC007F32E5 /* JFMyGiveItemCollectionCell.m in Sources */ = {isa = PBXBuildFile; fileRef = E74317A2194EABFC007F32E5 /* JFMyGiveItemCollectionCell.m */; };
		E775593319325CC600CD76A0 /* Foundation.framework in Frameworks */ = {isa = PBXBuildFile; fileRef = E775593219325CC600CD76A0 /* Foundation.framework */; };
		E775593519325CC600CD76A0 /* CoreGraphics.framework in Frameworks */ = {isa = PBXBuildFile; fileRef = E775593419325CC600CD76A0 /* CoreGraphics.framework */; };
		E775593719325CC600CD76A0 /* UIKit.framework in Frameworks */ = {isa = PBXBuildFile; fileRef = E775593619325CC600CD76A0 /* UIKit.framework */; };
		E775593D19325CC600CD76A0 /* InfoPlist.strings in Resources */ = {isa = PBXBuildFile; fileRef = E775593B19325CC600CD76A0 /* InfoPlist.strings */; };
		E775593F19325CC600CD76A0 /* main.m in Sources */ = {isa = PBXBuildFile; fileRef = E775593E19325CC600CD76A0 /* main.m */; };
		E775594319325CC600CD76A0 /* JFAppDelegate.m in Sources */ = {isa = PBXBuildFile; fileRef = E775594219325CC600CD76A0 /* JFAppDelegate.m */; };
		E775594619325CC600CD76A0 /* Main.storyboard in Resources */ = {isa = PBXBuildFile; fileRef = E775594419325CC600CD76A0 /* Main.storyboard */; };
		E775594B19325CC600CD76A0 /* Images.xcassets in Resources */ = {isa = PBXBuildFile; fileRef = E775594A19325CC600CD76A0 /* Images.xcassets */; };
		E775595219325CC600CD76A0 /* XCTest.framework in Frameworks */ = {isa = PBXBuildFile; fileRef = E775595119325CC600CD76A0 /* XCTest.framework */; };
		E775595319325CC600CD76A0 /* Foundation.framework in Frameworks */ = {isa = PBXBuildFile; fileRef = E775593219325CC600CD76A0 /* Foundation.framework */; };
		E775595419325CC600CD76A0 /* UIKit.framework in Frameworks */ = {isa = PBXBuildFile; fileRef = E775593619325CC600CD76A0 /* UIKit.framework */; };
		E775595C19325CC600CD76A0 /* InfoPlist.strings in Resources */ = {isa = PBXBuildFile; fileRef = E775595A19325CC600CD76A0 /* InfoPlist.strings */; };
		E775595E19325CC600CD76A0 /* GetGaTests.m in Sources */ = {isa = PBXBuildFile; fileRef = E775595D19325CC600CD76A0 /* GetGaTests.m */; };
		E775596F1932637C00CD76A0 /* appshot.png in Resources */ = {isa = PBXBuildFile; fileRef = E775596E1932637C00CD76A0 /* appshot.png */; };
		E799EB6B193AEBA70006B708 /* JFGetItemCell.m in Sources */ = {isa = PBXBuildFile; fileRef = E799EB6A193AEBA70006B708 /* JFGetItemCell.m */; };
		E799EB75193AF0E80006B708 /* PFGetItem.m in Sources */ = {isa = PBXBuildFile; fileRef = E799EB74193AF0E80006B708 /* PFGetItem.m */; };
		E7A29A02193878B00045EC83 /* JFGiveItemsTableViewC.m in Sources */ = {isa = PBXBuildFile; fileRef = E7A29A01193878B00045EC83 /* JFGiveItemsTableViewC.m */; };
		E7BB0417193AAC6D000DEF36 /* JFMainViewController.m in Sources */ = {isa = PBXBuildFile; fileRef = E7BB0416193AAC6D000DEF36 /* JFMainViewController.m */; };
		E7C8AE99193700AA00856D4B /* JFGiveItemDetailsVC.m in Sources */ = {isa = PBXBuildFile; fileRef = E7C8AE98193700AA00856D4B /* JFGiveItemDetailsVC.m */; };
		E7C8AE9C19370B7C00856D4B /* JFConstants.m in Sources */ = {isa = PBXBuildFile; fileRef = E7C8AE9B19370B7C00856D4B /* JFConstants.m */; };
		E7F3054A194A4CC0007AA625 /* JFGetFilterVC.m in Sources */ = {isa = PBXBuildFile; fileRef = E7F30549194A4CC0007AA625 /* JFGetFilterVC.m */; };
		E7F3054C194A4F8B007AA625 /* CoreLocation.framework in Frameworks */ = {isa = PBXBuildFile; fileRef = E7F3054B194A4F8B007AA625 /* CoreLocation.framework */; };
		E7F5D2C8193831BF00B17BE0 /* JFGiveItemCell.m in Sources */ = {isa = PBXBuildFile; fileRef = E7F5D2C7193831BF00B17BE0 /* JFGiveItemCell.m */; };
		E7F5D2CB19383F4800B17BE0 /* PFGiveItem.m in Sources */ = {isa = PBXBuildFile; fileRef = E7F5D2CA19383F4800B17BE0 /* PFGiveItem.m */; };
/* End PBXBuildFile section */

/* Begin PBXContainerItemProxy section */
		E775595519325CC600CD76A0 /* PBXContainerItemProxy */ = {
			isa = PBXContainerItemProxy;
			containerPortal = E775592719325CC600CD76A0 /* Project object */;
			proxyType = 1;
			remoteGlobalIDString = E775592E19325CC600CD76A0;
			remoteInfo = GetGa;
		};
/* End PBXContainerItemProxy section */

/* Begin PBXFileReference section */
		1C541893280A489EBA8DAF07 /* libPods.a */ = {isa = PBXFileReference; explicitFileType = archive.ar; includeInIndex = 0; path = libPods.a; sourceTree = BUILT_PRODUCTS_DIR; };
		4E51306CA64B45D59323E32A /* Pods.xcconfig */ = {isa = PBXFileReference; includeInIndex = 1; lastKnownFileType = text.xcconfig; name = Pods.xcconfig; path = Pods/Pods.xcconfig; sourceTree = "<group>"; };
		E7025FE8193B0D9100E0027C /* JFMyProfileVC.h */ = {isa = PBXFileReference; fileEncoding = 4; lastKnownFileType = sourcecode.c.h; path = JFMyProfileVC.h; sourceTree = "<group>"; };
		E7025FE9193B0D9100E0027C /* JFMyProfileVC.m */ = {isa = PBXFileReference; fileEncoding = 4; lastKnownFileType = sourcecode.c.objc; path = JFMyProfileVC.m; sourceTree = "<group>"; };
		E7025FEB193B142B00E0027C /* dad.png */ = {isa = PBXFileReference; lastKnownFileType = image.png; path = dad.png; sourceTree = "<group>"; };
		E705E0B919367B6A00CD2E3A /* JFGivePhotoVC.h */ = {isa = PBXFileReference; fileEncoding = 4; lastKnownFileType = sourcecode.c.h; path = JFGivePhotoVC.h; sourceTree = "<group>"; };
		E705E0BA19367B6A00CD2E3A /* JFGivePhotoVC.m */ = {isa = PBXFileReference; fileEncoding = 4; lastKnownFileType = sourcecode.c.objc; path = JFGivePhotoVC.m; sourceTree = "<group>"; };
		E70DAE5A193AF79E001EABF4 /* JFGetItemsTableViewC.h */ = {isa = PBXFileReference; fileEncoding = 4; lastKnownFileType = sourcecode.c.h; path = JFGetItemsTableViewC.h; sourceTree = "<group>"; };
		E70DAE5B193AF79E001EABF4 /* JFGetItemsTableViewC.m */ = {isa = PBXFileReference; fileEncoding = 4; lastKnownFileType = sourcecode.c.objc; path = JFGetItemsTableViewC.m; sourceTree = "<group>"; };
		E71BDFA1193AC62F00861171 /* JFLoginVC.h */ = {isa = PBXFileReference; fileEncoding = 4; lastKnownFileType = sourcecode.c.h; path = JFLoginVC.h; sourceTree = "<group>"; };
		E71BDFA2193AC62F00861171 /* JFLoginVC.m */ = {isa = PBXFileReference; fileEncoding = 4; lastKnownFileType = sourcecode.c.objc; path = JFLoginVC.m; sourceTree = "<group>"; };
		E71D7A4D194CD143007BA2F3 /* JFItemDisplayVC.h */ = {isa = PBXFileReference; fileEncoding = 4; lastKnownFileType = sourcecode.c.h; path = JFItemDisplayVC.h; sourceTree = "<group>"; };
		E71D7A4E194CD143007BA2F3 /* JFItemDisplayVC.m */ = {isa = PBXFileReference; fileEncoding = 4; lastKnownFileType = sourcecode.c.objc; path = JFItemDisplayVC.m; sourceTree = "<group>"; };
		E71D7A51194CD434007BA2F3 /* MapKit.framework */ = {isa = PBXFileReference; lastKnownFileType = wrapper.framework; name = MapKit.framework; path = System/Library/Frameworks/MapKit.framework; sourceTree = SDKROOT; };
		E743179E194E9E8A007F32E5 /* JFMyGiveItemsCollectionVC.h */ = {isa = PBXFileReference; fileEncoding = 4; lastKnownFileType = sourcecode.c.h; path = JFMyGiveItemsCollectionVC.h; sourceTree = "<group>"; };
		E743179F194E9E8A007F32E5 /* JFMyGiveItemsCollectionVC.m */ = {isa = PBXFileReference; fileEncoding = 4; lastKnownFileType = sourcecode.c.objc; path = JFMyGiveItemsCollectionVC.m; sourceTree = "<group>"; };
		E74317A1194EABFC007F32E5 /* JFMyGiveItemCollectionCell.h */ = {isa = PBXFileReference; fileEncoding = 4; lastKnownFileType = sourcecode.c.h; path = JFMyGiveItemCollectionCell.h; sourceTree = "<group>"; };
		E74317A2194EABFC007F32E5 /* JFMyGiveItemCollectionCell.m */ = {isa = PBXFileReference; fileEncoding = 4; lastKnownFileType = sourcecode.c.objc; path = JFMyGiveItemCollectionCell.m; sourceTree = "<group>"; };
		E775592F19325CC600CD76A0 /* GetGa.app */ = {isa = PBXFileReference; explicitFileType = wrapper.application; includeInIndex = 0; path = GetGa.app; sourceTree = BUILT_PRODUCTS_DIR; };
		E775593219325CC600CD76A0 /* Foundation.framework */ = {isa = PBXFileReference; lastKnownFileType = wrapper.framework; name = Foundation.framework; path = System/Library/Frameworks/Foundation.framework; sourceTree = SDKROOT; };
		E775593419325CC600CD76A0 /* CoreGraphics.framework */ = {isa = PBXFileReference; lastKnownFileType = wrapper.framework; name = CoreGraphics.framework; path = System/Library/Frameworks/CoreGraphics.framework; sourceTree = SDKROOT; };
		E775593619325CC600CD76A0 /* UIKit.framework */ = {isa = PBXFileReference; lastKnownFileType = wrapper.framework; name = UIKit.framework; path = System/Library/Frameworks/UIKit.framework; sourceTree = SDKROOT; };
		E775593A19325CC600CD76A0 /* GetGa-Info.plist */ = {isa = PBXFileReference; lastKnownFileType = text.plist.xml; path = "GetGa-Info.plist"; sourceTree = "<group>"; };
		E775593C19325CC600CD76A0 /* en */ = {isa = PBXFileReference; lastKnownFileType = text.plist.strings; name = en; path = en.lproj/InfoPlist.strings; sourceTree = "<group>"; };
		E775593E19325CC600CD76A0 /* main.m */ = {isa = PBXFileReference; lastKnownFileType = sourcecode.c.objc; path = main.m; sourceTree = "<group>"; };
		E775594019325CC600CD76A0 /* GetGa-Prefix.pch */ = {isa = PBXFileReference; lastKnownFileType = sourcecode.c.h; path = "GetGa-Prefix.pch"; sourceTree = "<group>"; };
		E775594119325CC600CD76A0 /* JFAppDelegate.h */ = {isa = PBXFileReference; lastKnownFileType = sourcecode.c.h; path = JFAppDelegate.h; sourceTree = "<group>"; };
		E775594219325CC600CD76A0 /* JFAppDelegate.m */ = {isa = PBXFileReference; lastKnownFileType = sourcecode.c.objc; path = JFAppDelegate.m; sourceTree = "<group>"; };
		E775594519325CC600CD76A0 /* Base */ = {isa = PBXFileReference; lastKnownFileType = file.storyboard; name = Base; path = Base.lproj/Main.storyboard; sourceTree = "<group>"; };
		E775594A19325CC600CD76A0 /* Images.xcassets */ = {isa = PBXFileReference; lastKnownFileType = folder.assetcatalog; path = Images.xcassets; sourceTree = "<group>"; };
		E775595019325CC600CD76A0 /* GetGaTests.xctest */ = {isa = PBXFileReference; explicitFileType = wrapper.cfbundle; includeInIndex = 0; path = GetGaTests.xctest; sourceTree = BUILT_PRODUCTS_DIR; };
		E775595119325CC600CD76A0 /* XCTest.framework */ = {isa = PBXFileReference; lastKnownFileType = wrapper.framework; name = XCTest.framework; path = Library/Frameworks/XCTest.framework; sourceTree = DEVELOPER_DIR; };
		E775595919325CC600CD76A0 /* GetGaTests-Info.plist */ = {isa = PBXFileReference; lastKnownFileType = text.plist.xml; path = "GetGaTests-Info.plist"; sourceTree = "<group>"; };
		E775595B19325CC600CD76A0 /* en */ = {isa = PBXFileReference; lastKnownFileType = text.plist.strings; name = en; path = en.lproj/InfoPlist.strings; sourceTree = "<group>"; };
		E775595D19325CC600CD76A0 /* GetGaTests.m */ = {isa = PBXFileReference; lastKnownFileType = sourcecode.c.objc; path = GetGaTests.m; sourceTree = "<group>"; };
		E775596E1932637C00CD76A0 /* appshot.png */ = {isa = PBXFileReference; lastKnownFileType = image.png; path = appshot.png; sourceTree = "<group>"; };
		E799EB69193AEBA70006B708 /* JFGetItemCell.h */ = {isa = PBXFileReference; fileEncoding = 4; lastKnownFileType = sourcecode.c.h; path = JFGetItemCell.h; sourceTree = "<group>"; };
		E799EB6A193AEBA70006B708 /* JFGetItemCell.m */ = {isa = PBXFileReference; fileEncoding = 4; lastKnownFileType = sourcecode.c.objc; path = JFGetItemCell.m; sourceTree = "<group>"; };
		E799EB73193AF0E80006B708 /* PFGetItem.h */ = {isa = PBXFileReference; fileEncoding = 4; lastKnownFileType = sourcecode.c.h; path = PFGetItem.h; sourceTree = "<group>"; };
		E799EB74193AF0E80006B708 /* PFGetItem.m */ = {isa = PBXFileReference; fileEncoding = 4; lastKnownFileType = sourcecode.c.objc; path = PFGetItem.m; sourceTree = "<group>"; };
		E7A29A00193878B00045EC83 /* JFGiveItemsTableViewC.h */ = {isa = PBXFileReference; fileEncoding = 4; lastKnownFileType = sourcecode.c.h; path = JFGiveItemsTableViewC.h; sourceTree = "<group>"; };
		E7A29A01193878B00045EC83 /* JFGiveItemsTableViewC.m */ = {isa = PBXFileReference; fileEncoding = 4; lastKnownFileType = sourcecode.c.objc; path = JFGiveItemsTableViewC.m; sourceTree = "<group>"; };
		E7BB0415193AAC6D000DEF36 /* JFMainViewController.h */ = {isa = PBXFileReference; fileEncoding = 4; lastKnownFileType = sourcecode.c.h; path = JFMainViewController.h; sourceTree = "<group>"; };
		E7BB0416193AAC6D000DEF36 /* JFMainViewController.m */ = {isa = PBXFileReference; fileEncoding = 4; lastKnownFileType = sourcecode.c.objc; path = JFMainViewController.m; sourceTree = "<group>"; };
		E7C8AE97193700AA00856D4B /* JFGiveItemDetailsVC.h */ = {isa = PBXFileReference; fileEncoding = 4; lastKnownFileType = sourcecode.c.h; path = JFGiveItemDetailsVC.h; sourceTree = "<group>"; };
		E7C8AE98193700AA00856D4B /* JFGiveItemDetailsVC.m */ = {isa = PBXFileReference; fileEncoding = 4; lastKnownFileType = sourcecode.c.objc; path = JFGiveItemDetailsVC.m; sourceTree = "<group>"; };
		E7C8AE9A19370B7C00856D4B /* JFConstants.h */ = {isa = PBXFileReference; fileEncoding = 4; lastKnownFileType = sourcecode.c.h; path = JFConstants.h; sourceTree = "<group>"; };
		E7C8AE9B19370B7C00856D4B /* JFConstants.m */ = {isa = PBXFileReference; fileEncoding = 4; lastKnownFileType = sourcecode.c.objc; path = JFConstants.m; sourceTree = "<group>"; };
		E7F30548194A4CC0007AA625 /* JFGetFilterVC.h */ = {isa = PBXFileReference; fileEncoding = 4; lastKnownFileType = sourcecode.c.h; path = JFGetFilterVC.h; sourceTree = "<group>"; };
		E7F30549194A4CC0007AA625 /* JFGetFilterVC.m */ = {isa = PBXFileReference; fileEncoding = 4; lastKnownFileType = sourcecode.c.objc; path = JFGetFilterVC.m; sourceTree = "<group>"; };
		E7F3054B194A4F8B007AA625 /* CoreLocation.framework */ = {isa = PBXFileReference; lastKnownFileType = wrapper.framework; name = CoreLocation.framework; path = System/Library/Frameworks/CoreLocation.framework; sourceTree = SDKROOT; };
		E7F5D2C6193831BF00B17BE0 /* JFGiveItemCell.h */ = {isa = PBXFileReference; fileEncoding = 4; lastKnownFileType = sourcecode.c.h; path = JFGiveItemCell.h; sourceTree = "<group>"; };
		E7F5D2C7193831BF00B17BE0 /* JFGiveItemCell.m */ = {isa = PBXFileReference; fileEncoding = 4; lastKnownFileType = sourcecode.c.objc; path = JFGiveItemCell.m; sourceTree = "<group>"; };
		E7F5D2C919383F4800B17BE0 /* PFGiveItem.h */ = {isa = PBXFileReference; fileEncoding = 4; lastKnownFileType = sourcecode.c.h; path = PFGiveItem.h; sourceTree = "<group>"; };
		E7F5D2CA19383F4800B17BE0 /* PFGiveItem.m */ = {isa = PBXFileReference; fileEncoding = 4; lastKnownFileType = sourcecode.c.objc; path = PFGiveItem.m; sourceTree = "<group>"; };
/* End PBXFileReference section */

/* Begin PBXFrameworksBuildPhase section */
		E775592C19325CC600CD76A0 /* Frameworks */ = {
			isa = PBXFrameworksBuildPhase;
			buildActionMask = 2147483647;
			files = (
				E71D7A52194CD434007BA2F3 /* MapKit.framework in Frameworks */,
				E7F3054C194A4F8B007AA625 /* CoreLocation.framework in Frameworks */,
				E775593519325CC600CD76A0 /* CoreGraphics.framework in Frameworks */,
				E775593719325CC600CD76A0 /* UIKit.framework in Frameworks */,
				E775593319325CC600CD76A0 /* Foundation.framework in Frameworks */,
				94A60AA2A66F4CDE90D4D337 /* libPods.a in Frameworks */,
			);
			runOnlyForDeploymentPostprocessing = 0;
		};
		E775594D19325CC600CD76A0 /* Frameworks */ = {
			isa = PBXFrameworksBuildPhase;
			buildActionMask = 2147483647;
			files = (
				E775595219325CC600CD76A0 /* XCTest.framework in Frameworks */,
				E775595419325CC600CD76A0 /* UIKit.framework in Frameworks */,
				E775595319325CC600CD76A0 /* Foundation.framework in Frameworks */,
			);
			runOnlyForDeploymentPostprocessing = 0;
		};
/* End PBXFrameworksBuildPhase section */

/* Begin PBXGroup section */
		E7025FE7193B0D7E00E0027C /* my profile */ = {
			isa = PBXGroup;
			children = (
				E7025FE8193B0D9100E0027C /* JFMyProfileVC.h */,
				E7025FE9193B0D9100E0027C /* JFMyProfileVC.m */,
			);
			name = "my profile";
			sourceTree = "<group>";
		};
		E705E0B619364C9200CD2E3A /* give */ = {
			isa = PBXGroup;
			children = (
				E7431796194E9283007F32E5 /* give items collection */,
				E7C8AE941937006400856D4B /* give items table */,
				E7C8AE951937006C00856D4B /* give new item photo */,
				E7C8AE961937007400856D4B /* give new item details */,
				E71D7A50194CD14A007BA2F3 /* give item display */,
			);
			name = give;
			sourceTree = "<group>";
		};
		E705E0B719364C9400CD2E3A /* get */ = {
			isa = PBXGroup;
			children = (
				E799EB6C193AEBAC0006B708 /* get items table */,
				E799EB6D193AEBBF0006B708 /* get item detail page */,
				E7F30547194A4CA8007AA625 /* get items filter */,
			);
			name = get;
			sourceTree = "<group>";
		};
		E705E0B819364C9700CD2E3A /* home */ = {
			isa = PBXGroup;
			children = (
			);
			name = home;
			sourceTree = "<group>";
		};
		E705E0BC1936FDF100CD2E3A /* login */ = {
			isa = PBXGroup;
			children = (
				E71BDFA1193AC62F00861171 /* JFLoginVC.h */,
				E71BDFA2193AC62F00861171 /* JFLoginVC.m */,
			);
			name = login;
			sourceTree = "<group>";
		};
		E71D7A50194CD14A007BA2F3 /* give item display */ = {
			isa = PBXGroup;
			children = (
				E71D7A4D194CD143007BA2F3 /* JFItemDisplayVC.h */,
				E71D7A4E194CD143007BA2F3 /* JFItemDisplayVC.m */,
			);
			name = "give item display";
			sourceTree = "<group>";
		};
		E7431796194E9283007F32E5 /* give items collection */ = {
			isa = PBXGroup;
			children = (
				E743179E194E9E8A007F32E5 /* JFMyGiveItemsCollectionVC.h */,
				E743179F194E9E8A007F32E5 /* JFMyGiveItemsCollectionVC.m */,
				E74317A1194EABFC007F32E5 /* JFMyGiveItemCollectionCell.h */,
				E74317A2194EABFC007F32E5 /* JFMyGiveItemCollectionCell.m */,
			);
			name = "give items collection";
			sourceTree = "<group>";
		};
		E775592619325CC600CD76A0 = {
			isa = PBXGroup;
			children = (
				E775593819325CC600CD76A0 /* GetGa */,
				E775595719325CC600CD76A0 /* GetGaTests */,
				E775593119325CC600CD76A0 /* Frameworks */,
				E775593019325CC600CD76A0 /* Products */,
				4E51306CA64B45D59323E32A /* Pods.xcconfig */,
			);
			sourceTree = "<group>";
		};
		E775593019325CC600CD76A0 /* Products */ = {
			isa = PBXGroup;
			children = (
				E775592F19325CC600CD76A0 /* GetGa.app */,
				E775595019325CC600CD76A0 /* GetGaTests.xctest */,
			);
			name = Products;
			sourceTree = "<group>";
		};
		E775593119325CC600CD76A0 /* Frameworks */ = {
			isa = PBXGroup;
			children = (
				E71D7A51194CD434007BA2F3 /* MapKit.framework */,
				E7F3054B194A4F8B007AA625 /* CoreLocation.framework */,
				E775593219325CC600CD76A0 /* Foundation.framework */,
				E775593419325CC600CD76A0 /* CoreGraphics.framework */,
				E775593619325CC600CD76A0 /* UIKit.framework */,
				E775595119325CC600CD76A0 /* XCTest.framework */,
				1C541893280A489EBA8DAF07 /* libPods.a */,
			);
			name = Frameworks;
			sourceTree = "<group>";
		};
		E775593819325CC600CD76A0 /* GetGa */ = {
			isa = PBXGroup;
			children = (
				E775594119325CC600CD76A0 /* JFAppDelegate.h */,
				E775594219325CC600CD76A0 /* JFAppDelegate.m */,
				E7B3734B1937D7F300CA5EBC /* view */,
				E7B3734C1937D81200CA5EBC /* model */,
				E775594A19325CC600CD76A0 /* Images.xcassets */,
				E775593919325CC600CD76A0 /* Supporting Files */,
			);
			path = GetGa;
			sourceTree = "<group>";
		};
		E775593919325CC600CD76A0 /* Supporting Files */ = {
			isa = PBXGroup;
			children = (
				E7025FEB193B142B00E0027C /* dad.png */,
				E775596E1932637C00CD76A0 /* appshot.png */,
				E775593A19325CC600CD76A0 /* GetGa-Info.plist */,
				E775593B19325CC600CD76A0 /* InfoPlist.strings */,
				E775593E19325CC600CD76A0 /* main.m */,
				E775594019325CC600CD76A0 /* GetGa-Prefix.pch */,
				E7C8AE9A19370B7C00856D4B /* JFConstants.h */,
				E7C8AE9B19370B7C00856D4B /* JFConstants.m */,
			);
			name = "Supporting Files";
			sourceTree = "<group>";
		};
		E775595719325CC600CD76A0 /* GetGaTests */ = {
			isa = PBXGroup;
			children = (
				E775595D19325CC600CD76A0 /* GetGaTests.m */,
				E775595819325CC600CD76A0 /* Supporting Files */,
			);
			path = GetGaTests;
			sourceTree = "<group>";
		};
		E775595819325CC600CD76A0 /* Supporting Files */ = {
			isa = PBXGroup;
			children = (
				E775595919325CC600CD76A0 /* GetGaTests-Info.plist */,
				E775595A19325CC600CD76A0 /* InfoPlist.strings */,
			);
			name = "Supporting Files";
			sourceTree = "<group>";
		};
		E799EB6C193AEBAC0006B708 /* get items table */ = {
			isa = PBXGroup;
			children = (
				E799EB69193AEBA70006B708 /* JFGetItemCell.h */,
				E799EB6A193AEBA70006B708 /* JFGetItemCell.m */,
				E70DAE5A193AF79E001EABF4 /* JFGetItemsTableViewC.h */,
				E70DAE5B193AF79E001EABF4 /* JFGetItemsTableViewC.m */,
			);
			name = "get items table";
			sourceTree = "<group>";
		};
		E799EB6D193AEBBF0006B708 /* get item detail page */ = {
			isa = PBXGroup;
			children = (
			);
			name = "get item detail page";
			sourceTree = "<group>";
		};
		E799EB71193AF0D40006B708 /* give item */ = {
			isa = PBXGroup;
			children = (
				E7F5D2C919383F4800B17BE0 /* PFGiveItem.h */,
				E7F5D2CA19383F4800B17BE0 /* PFGiveItem.m */,
			);
			name = "give item";
			sourceTree = "<group>";
		};
		E799EB72193AF0DD0006B708 /* get item */ = {
			isa = PBXGroup;
			children = (
				E799EB73193AF0E80006B708 /* PFGetItem.h */,
				E799EB74193AF0E80006B708 /* PFGetItem.m */,
			);
			name = "get item";
			sourceTree = "<group>";
		};
		E7B3734B1937D7F300CA5EBC /* view */ = {
			isa = PBXGroup;
			children = (
				E775594419325CC600CD76A0 /* Main.storyboard */,
				E7BB0414193AAC4C000DEF36 /* global navigation */,
				E705E0BC1936FDF100CD2E3A /* login */,
				E705E0B619364C9200CD2E3A /* give */,
				E705E0B719364C9400CD2E3A /* get */,
				E7025FE7193B0D7E00E0027C /* my profile */,
				E705E0B819364C9700CD2E3A /* home */,
			);
			name = view;
			sourceTree = "<group>";
		};
		E7B3734C1937D81200CA5EBC /* model */ = {
			isa = PBXGroup;
			children = (
				E799EB71193AF0D40006B708 /* give item */,
				E799EB72193AF0DD0006B708 /* get item */,
			);
			name = model;
			sourceTree = "<group>";
		};
		E7BB0414193AAC4C000DEF36 /* global navigation */ = {
			isa = PBXGroup;
			children = (
				E7BB0415193AAC6D000DEF36 /* JFMainViewController.h */,
				E7BB0416193AAC6D000DEF36 /* JFMainViewController.m */,
			);
			name = "global navigation";
			sourceTree = "<group>";
		};
		E7C8AE941937006400856D4B /* give items table */ = {
			isa = PBXGroup;
			children = (
				E7F5D2C6193831BF00B17BE0 /* JFGiveItemCell.h */,
				E7F5D2C7193831BF00B17BE0 /* JFGiveItemCell.m */,
				E7A29A00193878B00045EC83 /* JFGiveItemsTableViewC.h */,
				E7A29A01193878B00045EC83 /* JFGiveItemsTableViewC.m */,
			);
			name = "give items table";
			sourceTree = "<group>";
		};
		E7C8AE951937006C00856D4B /* give new item photo */ = {
			isa = PBXGroup;
			children = (
				E705E0B919367B6A00CD2E3A /* JFGivePhotoVC.h */,
				E705E0BA19367B6A00CD2E3A /* JFGivePhotoVC.m */,
			);
			name = "give new item photo";
			sourceTree = "<group>";
		};
		E7C8AE961937007400856D4B /* give new item details */ = {
			isa = PBXGroup;
			children = (
				E7C8AE97193700AA00856D4B /* JFGiveItemDetailsVC.h */,
				E7C8AE98193700AA00856D4B /* JFGiveItemDetailsVC.m */,
			);
			name = "give new item details";
			sourceTree = "<group>";
		};
		E7F30547194A4CA8007AA625 /* get items filter */ = {
			isa = PBXGroup;
			children = (
				E7F30548194A4CC0007AA625 /* JFGetFilterVC.h */,
				E7F30549194A4CC0007AA625 /* JFGetFilterVC.m */,
			);
			name = "get items filter";
			sourceTree = "<group>";
		};
/* End PBXGroup section */

/* Begin PBXNativeTarget section */
		E775592E19325CC600CD76A0 /* GetGa */ = {
			isa = PBXNativeTarget;
			buildConfigurationList = E775596119325CC600CD76A0 /* Build configuration list for PBXNativeTarget "GetGa" */;
			buildPhases = (
				B5FC9954440A4D1D8DED069E /* Check Pods Manifest.lock */,
				E775592B19325CC600CD76A0 /* Sources */,
				E775592C19325CC600CD76A0 /* Frameworks */,
				E775592D19325CC600CD76A0 /* Resources */,
				C6D0DFB9A8614358A4B856F8 /* Copy Pods Resources */,
			);
			buildRules = (
			);
			dependencies = (
			);
			name = GetGa;
			productName = GetGa;
			productReference = E775592F19325CC600CD76A0 /* GetGa.app */;
			productType = "com.apple.product-type.application";
		};
		E775594F19325CC600CD76A0 /* GetGaTests */ = {
			isa = PBXNativeTarget;
			buildConfigurationList = E775596419325CC600CD76A0 /* Build configuration list for PBXNativeTarget "GetGaTests" */;
			buildPhases = (
				E775594C19325CC600CD76A0 /* Sources */,
				E775594D19325CC600CD76A0 /* Frameworks */,
				E775594E19325CC600CD76A0 /* Resources */,
			);
			buildRules = (
			);
			dependencies = (
				E775595619325CC600CD76A0 /* PBXTargetDependency */,
			);
			name = GetGaTests;
			productName = GetGaTests;
			productReference = E775595019325CC600CD76A0 /* GetGaTests.xctest */;
			productType = "com.apple.product-type.bundle.unit-test";
		};
/* End PBXNativeTarget section */

/* Begin PBXProject section */
		E775592719325CC600CD76A0 /* Project object */ = {
			isa = PBXProject;
			attributes = {
				CLASSPREFIX = JF;
				LastUpgradeCheck = 0510;
				ORGANIZATIONNAME = "Jared Fishman";
				TargetAttributes = {
					E775594F19325CC600CD76A0 = {
						TestTargetID = E775592E19325CC600CD76A0;
					};
				};
			};
			buildConfigurationList = E775592A19325CC600CD76A0 /* Build configuration list for PBXProject "GetGa" */;
			compatibilityVersion = "Xcode 3.2";
			developmentRegion = English;
			hasScannedForEncodings = 0;
			knownRegions = (
				en,
				Base,
			);
			mainGroup = E775592619325CC600CD76A0;
			productRefGroup = E775593019325CC600CD76A0 /* Products */;
			projectDirPath = "";
			projectRoot = "";
			targets = (
				E775592E19325CC600CD76A0 /* GetGa */,
				E775594F19325CC600CD76A0 /* GetGaTests */,
			);
		};
/* End PBXProject section */

/* Begin PBXResourcesBuildPhase section */
		E775592D19325CC600CD76A0 /* Resources */ = {
			isa = PBXResourcesBuildPhase;
			buildActionMask = 2147483647;
			files = (
				E775594B19325CC600CD76A0 /* Images.xcassets in Resources */,
				E775593D19325CC600CD76A0 /* InfoPlist.strings in Resources */,
				E7025FEC193B142B00E0027C /* dad.png in Resources */,
				E775594619325CC600CD76A0 /* Main.storyboard in Resources */,
				E775596F1932637C00CD76A0 /* appshot.png in Resources */,
			);
			runOnlyForDeploymentPostprocessing = 0;
		};
		E775594E19325CC600CD76A0 /* Resources */ = {
			isa = PBXResourcesBuildPhase;
			buildActionMask = 2147483647;
			files = (
				E775595C19325CC600CD76A0 /* InfoPlist.strings in Resources */,
			);
			runOnlyForDeploymentPostprocessing = 0;
		};
/* End PBXResourcesBuildPhase section */

/* Begin PBXShellScriptBuildPhase section */
		B5FC9954440A4D1D8DED069E /* Check Pods Manifest.lock */ = {
			isa = PBXShellScriptBuildPhase;
			buildActionMask = 2147483647;
			files = (
			);
			inputPaths = (
			);
			name = "Check Pods Manifest.lock";
			outputPaths = (
			);
			runOnlyForDeploymentPostprocessing = 0;
			shellPath = /bin/sh;
			shellScript = "diff \"${PODS_ROOT}/../Podfile.lock\" \"${PODS_ROOT}/Manifest.lock\" > /dev/null\nif [[ $? != 0 ]] ; then\n    cat << EOM\nerror: The sandbox is not in sync with the Podfile.lock. Run 'pod install' or update your CocoaPods installation.\nEOM\n    exit 1\nfi\n";
			showEnvVarsInLog = 0;
		};
		C6D0DFB9A8614358A4B856F8 /* Copy Pods Resources */ = {
			isa = PBXShellScriptBuildPhase;
			buildActionMask = 2147483647;
			files = (
			);
			inputPaths = (
			);
			name = "Copy Pods Resources";
			outputPaths = (
			);
			runOnlyForDeploymentPostprocessing = 0;
			shellPath = /bin/sh;
			shellScript = "\"${SRCROOT}/Pods/Pods-resources.sh\"\n";
			showEnvVarsInLog = 0;
		};
/* End PBXShellScriptBuildPhase section */

/* Begin PBXSourcesBuildPhase section */
		E775592B19325CC600CD76A0 /* Sources */ = {
			isa = PBXSourcesBuildPhase;
			buildActionMask = 2147483647;
			files = (
				E705E0BB19367B6A00CD2E3A /* JFGivePhotoVC.m in Sources */,
				E799EB6B193AEBA70006B708 /* JFGetItemCell.m in Sources */,
				E7025FEA193B0D9100E0027C /* JFMyProfileVC.m in Sources */,
				E7A29A02193878B00045EC83 /* JFGiveItemsTableViewC.m in Sources */,
				E71BDFA3193AC62F00861171 /* JFLoginVC.m in Sources */,
				E74317A0194E9E8A007F32E5 /* JFMyGiveItemsCollectionVC.m in Sources */,
				E7F5D2CB19383F4800B17BE0 /* PFGiveItem.m in Sources */,
				E7F3054A194A4CC0007AA625 /* JFGetFilterVC.m in Sources */,
				E799EB75193AF0E80006B708 /* PFGetItem.m in Sources */,
				E74317A3194EABFC007F32E5 /* JFMyGiveItemCollectionCell.m in Sources */,
				E775594319325CC600CD76A0 /* JFAppDelegate.m in Sources */,
				E7C8AE99193700AA00856D4B /* JFGiveItemDetailsVC.m in Sources */,
				E71D7A4F194CD143007BA2F3 /* JFItemDisplayVC.m in Sources */,
				E70DAE5C193AF79E001EABF4 /* JFGetItemsTableViewC.m in Sources */,
				E7F5D2C8193831BF00B17BE0 /* JFGiveItemCell.m in Sources */,
				E7C8AE9C19370B7C00856D4B /* JFConstants.m in Sources */,
				E7BB0417193AAC6D000DEF36 /* JFMainViewController.m in Sources */,
				E775593F19325CC600CD76A0 /* main.m in Sources */,
			);
			runOnlyForDeploymentPostprocessing = 0;
		};
		E775594C19325CC600CD76A0 /* Sources */ = {
			isa = PBXSourcesBuildPhase;
			buildActionMask = 2147483647;
			files = (
				E775595E19325CC600CD76A0 /* GetGaTests.m in Sources */,
			);
			runOnlyForDeploymentPostprocessing = 0;
		};
/* End PBXSourcesBuildPhase section */

/* Begin PBXTargetDependency section */
		E775595619325CC600CD76A0 /* PBXTargetDependency */ = {
			isa = PBXTargetDependency;
			target = E775592E19325CC600CD76A0 /* GetGa */;
			targetProxy = E775595519325CC600CD76A0 /* PBXContainerItemProxy */;
		};
/* End PBXTargetDependency section */

/* Begin PBXVariantGroup section */
		E775593B19325CC600CD76A0 /* InfoPlist.strings */ = {
			isa = PBXVariantGroup;
			children = (
				E775593C19325CC600CD76A0 /* en */,
			);
			name = InfoPlist.strings;
			sourceTree = "<group>";
		};
		E775594419325CC600CD76A0 /* Main.storyboard */ = {
			isa = PBXVariantGroup;
			children = (
				E775594519325CC600CD76A0 /* Base */,
			);
			name = Main.storyboard;
			sourceTree = "<group>";
		};
		E775595A19325CC600CD76A0 /* InfoPlist.strings */ = {
			isa = PBXVariantGroup;
			children = (
				E775595B19325CC600CD76A0 /* en */,
			);
			name = InfoPlist.strings;
			sourceTree = "<group>";
		};
/* End PBXVariantGroup section */

/* Begin XCBuildConfiguration section */
		E775595F19325CC600CD76A0 /* Debug */ = {
			isa = XCBuildConfiguration;
			buildSettings = {
				ALWAYS_SEARCH_USER_PATHS = NO;
				CLANG_CXX_LANGUAGE_STANDARD = "gnu++0x";
				CLANG_CXX_LIBRARY = "libc++";
				CLANG_ENABLE_MODULES = YES;
				CLANG_ENABLE_OBJC_ARC = YES;
				CLANG_WARN_BOOL_CONVERSION = YES;
				CLANG_WARN_CONSTANT_CONVERSION = YES;
				CLANG_WARN_DIRECT_OBJC_ISA_USAGE = YES_ERROR;
				CLANG_WARN_EMPTY_BODY = YES;
				CLANG_WARN_ENUM_CONVERSION = YES;
				CLANG_WARN_INT_CONVERSION = YES;
				CLANG_WARN_OBJC_ROOT_CLASS = YES_ERROR;
				CLANG_WARN__DUPLICATE_METHOD_MATCH = YES;
				"CODE_SIGN_IDENTITY[sdk=iphoneos*]" = "iPhone Developer";
				COPY_PHASE_STRIP = NO;
				GCC_C_LANGUAGE_STANDARD = gnu99;
				GCC_DYNAMIC_NO_PIC = NO;
				GCC_OPTIMIZATION_LEVEL = 0;
				GCC_PREPROCESSOR_DEFINITIONS = (
					"DEBUG=1",
					"$(inherited)",
				);
				GCC_SYMBOLS_PRIVATE_EXTERN = NO;
				GCC_WARN_64_TO_32_BIT_CONVERSION = YES;
				GCC_WARN_ABOUT_RETURN_TYPE = YES_ERROR;
				GCC_WARN_UNDECLARED_SELECTOR = YES;
				GCC_WARN_UNINITIALIZED_AUTOS = YES_AGGRESSIVE;
				GCC_WARN_UNUSED_FUNCTION = YES;
				GCC_WARN_UNUSED_VARIABLE = YES;
				IPHONEOS_DEPLOYMENT_TARGET = 7.1;
				ONLY_ACTIVE_ARCH = YES;
				SDKROOT = iphoneos;
			};
			name = Debug;
		};
		E775596019325CC600CD76A0 /* Release */ = {
			isa = XCBuildConfiguration;
			buildSettings = {
				ALWAYS_SEARCH_USER_PATHS = NO;
				CLANG_CXX_LANGUAGE_STANDARD = "gnu++0x";
				CLANG_CXX_LIBRARY = "libc++";
				CLANG_ENABLE_MODULES = YES;
				CLANG_ENABLE_OBJC_ARC = YES;
				CLANG_WARN_BOOL_CONVERSION = YES;
				CLANG_WARN_CONSTANT_CONVERSION = YES;
				CLANG_WARN_DIRECT_OBJC_ISA_USAGE = YES_ERROR;
				CLANG_WARN_EMPTY_BODY = YES;
				CLANG_WARN_ENUM_CONVERSION = YES;
				CLANG_WARN_INT_CONVERSION = YES;
				CLANG_WARN_OBJC_ROOT_CLASS = YES_ERROR;
				CLANG_WARN__DUPLICATE_METHOD_MATCH = YES;
				"CODE_SIGN_IDENTITY[sdk=iphoneos*]" = "iPhone Developer";
				COPY_PHASE_STRIP = YES;
				ENABLE_NS_ASSERTIONS = NO;
				GCC_C_LANGUAGE_STANDARD = gnu99;
				GCC_WARN_64_TO_32_BIT_CONVERSION = YES;
				GCC_WARN_ABOUT_RETURN_TYPE = YES_ERROR;
				GCC_WARN_UNDECLARED_SELECTOR = YES;
				GCC_WARN_UNINITIALIZED_AUTOS = YES_AGGRESSIVE;
				GCC_WARN_UNUSED_FUNCTION = YES;
				GCC_WARN_UNUSED_VARIABLE = YES;
				IPHONEOS_DEPLOYMENT_TARGET = 7.1;
				SDKROOT = iphoneos;
				VALIDATE_PRODUCT = YES;
			};
			name = Release;
		};
		E775596219325CC600CD76A0 /* Debug */ = {
			isa = XCBuildConfiguration;
			baseConfigurationReference = 4E51306CA64B45D59323E32A /* Pods.xcconfig */;
			buildSettings = {
				ASSETCATALOG_COMPILER_APPICON_NAME = AppIcon;
				ASSETCATALOG_COMPILER_LAUNCHIMAGE_NAME = LaunchImage;
				GCC_PRECOMPILE_PREFIX_HEADER = YES;
				GCC_PREFIX_HEADER = "GetGa/GetGa-Prefix.pch";
				INFOPLIST_FILE = "GetGa/GetGa-Info.plist";
				PRODUCT_NAME = "$(TARGET_NAME)";
				WRAPPER_EXTENSION = app;
			};
			name = Debug;
		};
		E775596319325CC600CD76A0 /* Release */ = {
			isa = XCBuildConfiguration;
			baseConfigurationReference = 4E51306CA64B45D59323E32A /* Pods.xcconfig */;
			buildSettings = {
				ASSETCATALOG_COMPILER_APPICON_NAME = AppIcon;
				ASSETCATALOG_COMPILER_LAUNCHIMAGE_NAME = LaunchImage;
				GCC_PRECOMPILE_PREFIX_HEADER = YES;
				GCC_PREFIX_HEADER = "GetGa/GetGa-Prefix.pch";
				INFOPLIST_FILE = "GetGa/GetGa-Info.plist";
				PRODUCT_NAME = "$(TARGET_NAME)";
				WRAPPER_EXTENSION = app;
			};
			name = Release;
		};
		E775596519325CC600CD76A0 /* Debug */ = {
			isa = XCBuildConfiguration;
			buildSettings = {
				BUNDLE_LOADER = "$(BUILT_PRODUCTS_DIR)/GetGa.app/GetGa";
				FRAMEWORK_SEARCH_PATHS = (
					"$(SDKROOT)/Developer/Library/Frameworks",
					"$(inherited)",
					"$(DEVELOPER_FRAMEWORKS_DIR)",
				);
				GCC_PRECOMPILE_PREFIX_HEADER = YES;
				GCC_PREFIX_HEADER = "GetGa/GetGa-Prefix.pch";
				GCC_PREPROCESSOR_DEFINITIONS = (
					"DEBUG=1",
					"$(inherited)",
				);
				INFOPLIST_FILE = "GetGaTests/GetGaTests-Info.plist";
				PRODUCT_NAME = "$(TARGET_NAME)";
				TEST_HOST = "$(BUNDLE_LOADER)";
				WRAPPER_EXTENSION = xctest;
			};
			name = Debug;
		};
		E775596619325CC600CD76A0 /* Release */ = {
			isa = XCBuildConfiguration;
			buildSettings = {
				BUNDLE_LOADER = "$(BUILT_PRODUCTS_DIR)/GetGa.app/GetGa";
				FRAMEWORK_SEARCH_PATHS = (
					"$(SDKROOT)/Developer/Library/Frameworks",
					"$(inherited)",
					"$(DEVELOPER_FRAMEWORKS_DIR)",
				);
				GCC_PRECOMPILE_PREFIX_HEADER = YES;
				GCC_PREFIX_HEADER = "GetGa/GetGa-Prefix.pch";
				INFOPLIST_FILE = "GetGaTests/GetGaTests-Info.plist";
				PRODUCT_NAME = "$(TARGET_NAME)";
				TEST_HOST = "$(BUNDLE_LOADER)";
				WRAPPER_EXTENSION = xctest;
			};
			name = Release;
		};
/* End XCBuildConfiguration section */

/* Begin XCConfigurationList section */
		E775592A19325CC600CD76A0 /* Build configuration list for PBXProject "GetGa" */ = {
			isa = XCConfigurationList;
			buildConfigurations = (
				E775595F19325CC600CD76A0 /* Debug */,
				E775596019325CC600CD76A0 /* Release */,
			);
			defaultConfigurationIsVisible = 0;
			defaultConfigurationName = Release;
		};
		E775596119325CC600CD76A0 /* Build configuration list for PBXNativeTarget "GetGa" */ = {
			isa = XCConfigurationList;
			buildConfigurations = (
				E775596219325CC600CD76A0 /* Debug */,
				E775596319325CC600CD76A0 /* Release */,
			);
			defaultConfigurationIsVisible = 0;
			defaultConfigurationName = Release;
		};
		E775596419325CC600CD76A0 /* Build configuration list for PBXNativeTarget "GetGaTests" */ = {
			isa = XCConfigurationList;
			buildConfigurations = (
				E775596519325CC600CD76A0 /* Debug */,
				E775596619325CC600CD76A0 /* Release */,
			);
			defaultConfigurationIsVisible = 0;
			defaultConfigurationName = Release;
		};
/* End XCConfigurationList section */
	};
	rootObject = E775592719325CC600CD76A0 /* Project object */;
}
